// !$*UTF8*$!
{
	archiveVersion = 1;
	classes = {
	};
	objectVersion = 50;
	objects = {

/* Begin PBXBuildFile section */
		806026F85560B0E61F0173F8 /* libPods-JJVideoManager.a in Frameworks */ = {isa = PBXBuildFile; fileRef = E641B1A03C1FC153CC401F3A /* libPods-JJVideoManager.a */; };
		9624BCF9224B593B00ED3976 /* AppDelegate.m in Sources */ = {isa = PBXBuildFile; fileRef = 9624BCF8224B593B00ED3976 /* AppDelegate.m */; };
		9624BCFC224B593B00ED3976 /* ViewController.m in Sources */ = {isa = PBXBuildFile; fileRef = 9624BCFB224B593B00ED3976 /* ViewController.m */; };
		9624BCFF224B593B00ED3976 /* Main.storyboard in Resources */ = {isa = PBXBuildFile; fileRef = 9624BCFD224B593B00ED3976 /* Main.storyboard */; };
		9624BD01224B593D00ED3976 /* Assets.xcassets in Resources */ = {isa = PBXBuildFile; fileRef = 9624BD00224B593D00ED3976 /* Assets.xcassets */; };
		9624BD04224B593D00ED3976 /* LaunchScreen.storyboard in Resources */ = {isa = PBXBuildFile; fileRef = 9624BD02224B593D00ED3976 /* LaunchScreen.storyboard */; };
		9624BD07224B593D00ED3976 /* main.m in Sources */ = {isa = PBXBuildFile; fileRef = 9624BD06224B593D00ED3976 /* main.m */; };
		9624BD11224B593D00ED3976 /* JJVideoManagerTests.m in Sources */ = {isa = PBXBuildFile; fileRef = 9624BD10224B593D00ED3976 /* JJVideoManagerTests.m */; };
		9624BD2C224B5AA800ED3976 /* JJAVAssetExportSession.m in Sources */ = {isa = PBXBuildFile; fileRef = 9624BD2A224B5AA800ED3976 /* JJAVAssetExportSession.m */; };
		9624BD2F224B641C00ED3976 /* JJVideoCompression.m in Sources */ = {isa = PBXBuildFile; fileRef = 9624BD2E224B641C00ED3976 /* JJVideoCompression.m */; };
/* End PBXBuildFile section */

/* Begin PBXContainerItemProxy section */
		9624BD0D224B593D00ED3976 /* PBXContainerItemProxy */ = {
			isa = PBXContainerItemProxy;
			containerPortal = 9624BCEC224B593B00ED3976 /* Project object */;
			proxyType = 1;
			remoteGlobalIDString = 9624BCF3224B593B00ED3976;
			remoteInfo = JJVideoManager;
		};
		9624BD18224B593D00ED3976 /* PBXContainerItemProxy */ = {
			isa = PBXContainerItemProxy;
			containerPortal = 9624BCEC224B593B00ED3976 /* Project object */;
			proxyType = 1;
			remoteGlobalIDString = 9624BCF3224B593B00ED3976;
			remoteInfo = JJVideoManager;
		};
/* End PBXContainerItemProxy section */

/* Begin PBXFileReference section */
		4C145B4CB1416182A2F03398 /* Pods-JJVideoManager.release.xcconfig */ = {isa = PBXFileReference; includeInIndex = 1; lastKnownFileType = text.xcconfig; name = "Pods-JJVideoManager.release.xcconfig"; path = "Pods/Target Support Files/Pods-JJVideoManager/Pods-JJVideoManager.release.xcconfig"; sourceTree = "<group>"; };
		9624BCF4224B593B00ED3976 /* JJVideoManager.app */ = {isa = PBXFileReference; explicitFileType = wrapper.application; includeInIndex = 0; path = JJVideoManager.app; sourceTree = BUILT_PRODUCTS_DIR; };
		9624BCF7224B593B00ED3976 /* AppDelegate.h */ = {isa = PBXFileReference; lastKnownFileType = sourcecode.c.h; path = AppDelegate.h; sourceTree = "<group>"; };
		9624BCF8224B593B00ED3976 /* AppDelegate.m */ = {isa = PBXFileReference; lastKnownFileType = sourcecode.c.objc; path = AppDelegate.m; sourceTree = "<group>"; };
		9624BCFA224B593B00ED3976 /* ViewController.h */ = {isa = PBXFileReference; lastKnownFileType = sourcecode.c.h; path = ViewController.h; sourceTree = "<group>"; };
		9624BCFB224B593B00ED3976 /* ViewController.m */ = {isa = PBXFileReference; lastKnownFileType = sourcecode.c.objc; path = ViewController.m; sourceTree = "<group>"; };
		9624BCFE224B593B00ED3976 /* Base */ = {isa = PBXFileReference; lastKnownFileType = file.storyboard; name = Base; path = Base.lproj/Main.storyboard; sourceTree = "<group>"; };
		9624BD00224B593D00ED3976 /* Assets.xcassets */ = {isa = PBXFileReference; lastKnownFileType = folder.assetcatalog; path = Assets.xcassets; sourceTree = "<group>"; };
		9624BD03224B593D00ED3976 /* Base */ = {isa = PBXFileReference; lastKnownFileType = file.storyboard; name = Base; path = Base.lproj/LaunchScreen.storyboard; sourceTree = "<group>"; };
		9624BD05224B593D00ED3976 /* Info.plist */ = {isa = PBXFileReference; lastKnownFileType = text.plist.xml; path = Info.plist; sourceTree = "<group>"; };
		9624BD06224B593D00ED3976 /* main.m */ = {isa = PBXFileReference; lastKnownFileType = sourcecode.c.objc; path = main.m; sourceTree = "<group>"; };
		9624BD0C224B593D00ED3976 /* JJVideoManagerTests.xctest */ = {isa = PBXFileReference; explicitFileType = wrapper.cfbundle; includeInIndex = 0; path = JJVideoManagerTests.xctest; sourceTree = BUILT_PRODUCTS_DIR; };
		9624BD10224B593D00ED3976 /* JJVideoManagerTests.m */ = {isa = PBXFileReference; lastKnownFileType = sourcecode.c.objc; path = JJVideoManagerTests.m; sourceTree = "<group>"; };
		9624BD12224B593D00ED3976 /* Info.plist */ = {isa = PBXFileReference; lastKnownFileType = text.plist.xml; path = Info.plist; sourceTree = "<group>"; };
		9624BD17224B593D00ED3976 /* JJVideoManagerUITests.xctest */ = {isa = PBXFileReference; explicitFileType = wrapper.cfbundle; includeInIndex = 0; path = JJVideoManagerUITests.xctest; sourceTree = BUILT_PRODUCTS_DIR; };
		9624BD2A224B5AA800ED3976 /* JJAVAssetExportSession.m */ = {isa = PBXFileReference; fileEncoding = 4; lastKnownFileType = sourcecode.c.objc; path = JJAVAssetExportSession.m; sourceTree = "<group>"; };
		9624BD2B224B5AA800ED3976 /* JJAVAssetExportSession.h */ = {isa = PBXFileReference; fileEncoding = 4; lastKnownFileType = sourcecode.c.h; path = JJAVAssetExportSession.h; sourceTree = "<group>"; };
		9624BD2D224B641C00ED3976 /* JJVideoCompression.h */ = {isa = PBXFileReference; lastKnownFileType = sourcecode.c.h; path = JJVideoCompression.h; sourceTree = "<group>"; };
		9624BD2E224B641C00ED3976 /* JJVideoCompression.m */ = {isa = PBXFileReference; lastKnownFileType = sourcecode.c.objc; path = JJVideoCompression.m; sourceTree = "<group>"; };
		ADB554B6F03A9C8516A106E6 /* Pods-JJVideoManager.debug.xcconfig */ = {isa = PBXFileReference; includeInIndex = 1; lastKnownFileType = text.xcconfig; name = "Pods-JJVideoManager.debug.xcconfig"; path = "Pods/Target Support Files/Pods-JJVideoManager/Pods-JJVideoManager.debug.xcconfig"; sourceTree = "<group>"; };
		E641B1A03C1FC153CC401F3A /* libPods-JJVideoManager.a */ = {isa = PBXFileReference; explicitFileType = archive.ar; includeInIndex = 0; path = "libPods-JJVideoManager.a"; sourceTree = BUILT_PRODUCTS_DIR; };
/* End PBXFileReference section */

/* Begin PBXFrameworksBuildPhase section */
		9624BCF1224B593B00ED3976 /* Frameworks */ = {
			isa = PBXFrameworksBuildPhase;
			buildActionMask = 2147483647;
			files = (
				806026F85560B0E61F0173F8 /* libPods-JJVideoManager.a in Frameworks */,
			);
			runOnlyForDeploymentPostprocessing = 0;
		};
		9624BD09224B593D00ED3976 /* Frameworks */ = {
			isa = PBXFrameworksBuildPhase;
			buildActionMask = 2147483647;
			files = (
			);
			runOnlyForDeploymentPostprocessing = 0;
		};
		9624BD14224B593D00ED3976 /* Frameworks */ = {
			isa = PBXFrameworksBuildPhase;
			buildActionMask = 2147483647;
			files = (
			);
			runOnlyForDeploymentPostprocessing = 0;
		};
/* End PBXFrameworksBuildPhase section */

/* Begin PBXGroup section */
		256E9B9C9938E190FF310C8D /* Pods */ = {
			isa = PBXGroup;
			children = (
				ADB554B6F03A9C8516A106E6 /* Pods-JJVideoManager.debug.xcconfig */,
				4C145B4CB1416182A2F03398 /* Pods-JJVideoManager.release.xcconfig */,
			);
			name = Pods;
			sourceTree = "<group>";
		};
		9624BCEB224B593B00ED3976 = {
			isa = PBXGroup;
			children = (
				9624BCF6224B593B00ED3976 /* JJVideoManager */,
				9624BD0F224B593D00ED3976 /* JJVideoManagerTests */,
				9624BCF5224B593B00ED3976 /* Products */,
				256E9B9C9938E190FF310C8D /* Pods */,
				D7D1159C4F427522D190CFDC /* Frameworks */,
			);
			sourceTree = "<group>";
		};
		9624BCF5224B593B00ED3976 /* Products */ = {
			isa = PBXGroup;
			children = (
				9624BCF4224B593B00ED3976 /* JJVideoManager.app */,
				9624BD0C224B593D00ED3976 /* JJVideoManagerTests.xctest */,
				9624BD17224B593D00ED3976 /* JJVideoManagerUITests.xctest */,
			);
			name = Products;
			sourceTree = "<group>";
		};
		9624BCF6224B593B00ED3976 /* JJVideoManager */ = {
			isa = PBXGroup;
			children = (
				9624BD29224B598D00ED3976 /* VideoManager */,
				9624BCF7224B593B00ED3976 /* AppDelegate.h */,
				9624BCF8224B593B00ED3976 /* AppDelegate.m */,
				9624BCFA224B593B00ED3976 /* ViewController.h */,
				9624BCFB224B593B00ED3976 /* ViewController.m */,
				9624BCFD224B593B00ED3976 /* Main.storyboard */,
				9624BD00224B593D00ED3976 /* Assets.xcassets */,
				9624BD02224B593D00ED3976 /* LaunchScreen.storyboard */,
				9624BD05224B593D00ED3976 /* Info.plist */,
				9624BD06224B593D00ED3976 /* main.m */,
			);
			path = JJVideoManager;
			sourceTree = "<group>";
		};
		9624BD0F224B593D00ED3976 /* JJVideoManagerTests */ = {
			isa = PBXGroup;
			children = (
				9624BD10224B593D00ED3976 /* JJVideoManagerTests.m */,
				9624BD12224B593D00ED3976 /* Info.plist */,
			);
			path = JJVideoManagerTests;
			sourceTree = "<group>";
		};
		9624BD29224B598D00ED3976 /* VideoManager */ = {
			isa = PBXGroup;
			children = (
				9624BD2B224B5AA800ED3976 /* JJAVAssetExportSession.h */,
				9624BD2A224B5AA800ED3976 /* JJAVAssetExportSession.m */,
				9624BD2D224B641C00ED3976 /* JJVideoCompression.h */,
				9624BD2E224B641C00ED3976 /* JJVideoCompression.m */,
			);
			path = VideoManager;
			sourceTree = "<group>";
		};
		D7D1159C4F427522D190CFDC /* Frameworks */ = {
			isa = PBXGroup;
			children = (
				E641B1A03C1FC153CC401F3A /* libPods-JJVideoManager.a */,
			);
			name = Frameworks;
			sourceTree = "<group>";
		};
/* End PBXGroup section */

/* Begin PBXNativeTarget section */
		9624BCF3224B593B00ED3976 /* JJVideoManager */ = {
			isa = PBXNativeTarget;
			buildConfigurationList = 9624BD20224B593D00ED3976 /* Build configuration list for PBXNativeTarget "JJVideoManager" */;
			buildPhases = (
				82E08797890A2C923A7B0407 /* [CP] Check Pods Manifest.lock */,
				9624BCF0224B593B00ED3976 /* Sources */,
				9624BCF1224B593B00ED3976 /* Frameworks */,
				9624BCF2224B593B00ED3976 /* Resources */,
				4EFB37BE4521C7D9BE8D6B39 /* [CP] Copy Pods Resources */,
			);
			buildRules = (
			);
			dependencies = (
			);
			name = JJVideoManager;
			productName = JJVideoManager;
			productReference = 9624BCF4224B593B00ED3976 /* JJVideoManager.app */;
			productType = "com.apple.product-type.application";
		};
		9624BD0B224B593D00ED3976 /* JJVideoManagerTests */ = {
			isa = PBXNativeTarget;
			buildConfigurationList = 9624BD23224B593D00ED3976 /* Build configuration list for PBXNativeTarget "JJVideoManagerTests" */;
			buildPhases = (
				9624BD08224B593D00ED3976 /* Sources */,
				9624BD09224B593D00ED3976 /* Frameworks */,
				9624BD0A224B593D00ED3976 /* Resources */,
			);
			buildRules = (
			);
			dependencies = (
				9624BD0E224B593D00ED3976 /* PBXTargetDependency */,
			);
			name = JJVideoManagerTests;
			productName = JJVideoManagerTests;
			productReference = 9624BD0C224B593D00ED3976 /* JJVideoManagerTests.xctest */;
			productType = "com.apple.product-type.bundle.unit-test";
		};
		9624BD16224B593D00ED3976 /* JJVideoManagerUITests */ = {
			isa = PBXNativeTarget;
			buildConfigurationList = 9624BD26224B593D00ED3976 /* Build configuration list for PBXNativeTarget "JJVideoManagerUITests" */;
			buildPhases = (
				9624BD13224B593D00ED3976 /* Sources */,
				9624BD14224B593D00ED3976 /* Frameworks */,
				9624BD15224B593D00ED3976 /* Resources */,
			);
			buildRules = (
			);
			dependencies = (
				9624BD19224B593D00ED3976 /* PBXTargetDependency */,
			);
			name = JJVideoManagerUITests;
			productName = JJVideoManagerUITests;
			productReference = 9624BD17224B593D00ED3976 /* JJVideoManagerUITests.xctest */;
			productType = "com.apple.product-type.bundle.ui-testing";
		};
/* End PBXNativeTarget section */

/* Begin PBXProject section */
		9624BCEC224B593B00ED3976 /* Project object */ = {
			isa = PBXProject;
			attributes = {
				LastUpgradeCheck = 1010;
				ORGANIZATIONNAME = JJ;
				TargetAttributes = {
					9624BCF3224B593B00ED3976 = {
						CreatedOnToolsVersion = 10.1;
					};
					9624BD0B224B593D00ED3976 = {
						CreatedOnToolsVersion = 10.1;
						TestTargetID = 9624BCF3224B593B00ED3976;
					};
					9624BD16224B593D00ED3976 = {
						CreatedOnToolsVersion = 10.1;
						TestTargetID = 9624BCF3224B593B00ED3976;
					};
				};
			};
			buildConfigurationList = 9624BCEF224B593B00ED3976 /* Build configuration list for PBXProject "JJVideoManager" */;
			compatibilityVersion = "Xcode 9.3";
			developmentRegion = en;
			hasScannedForEncodings = 0;
			knownRegions = (
				en,
				Base,
			);
			mainGroup = 9624BCEB224B593B00ED3976;
			productRefGroup = 9624BCF5224B593B00ED3976 /* Products */;
			projectDirPath = "";
			projectRoot = "";
			targets = (
				9624BCF3224B593B00ED3976 /* JJVideoManager */,
				9624BD0B224B593D00ED3976 /* JJVideoManagerTests */,
				9624BD16224B593D00ED3976 /* JJVideoManagerUITests */,
			);
		};
/* End PBXProject section */

/* Begin PBXResourcesBuildPhase section */
		9624BCF2224B593B00ED3976 /* Resources */ = {
			isa = PBXResourcesBuildPhase;
			buildActionMask = 2147483647;
			files = (
				9624BD04224B593D00ED3976 /* LaunchScreen.storyboard in Resources */,
				9624BD01224B593D00ED3976 /* Assets.xcassets in Resources */,
				9624BCFF224B593B00ED3976 /* Main.storyboard in Resources */,
			);
			runOnlyForDeploymentPostprocessing = 0;
		};
		9624BD0A224B593D00ED3976 /* Resources */ = {
			isa = PBXResourcesBuildPhase;
			buildActionMask = 2147483647;
			files = (
			);
			runOnlyForDeploymentPostprocessing = 0;
		};
		9624BD15224B593D00ED3976 /* Resources */ = {
			isa = PBXResourcesBuildPhase;
			buildActionMask = 2147483647;
			files = (
			);
			runOnlyForDeploymentPostprocessing = 0;
		};
/* End PBXResourcesBuildPhase section */

/* Begin PBXShellScriptBuildPhase section */
		4EFB37BE4521C7D9BE8D6B39 /* [CP] Copy Pods Resources */ = {
			isa = PBXShellScriptBuildPhase;
			buildActionMask = 2147483647;
			files = (
			);
			inputFileListPaths = (
			);
			inputPaths = (
				"${SRCROOT}/Pods/Target Support Files/Pods-JJVideoManager/Pods-JJVideoManager-resources.sh",
				"${PODS_ROOT}/TZImagePickerController/TZImagePickerController/TZImagePickerController/TZImagePickerController.bundle",
			);
			name = "[CP] Copy Pods Resources";
			outputFileListPaths = (
			);
			outputPaths = (
				"${TARGET_BUILD_DIR}/${UNLOCALIZED_RESOURCES_FOLDER_PATH}/TZImagePickerController.bundle",
			);
			runOnlyForDeploymentPostprocessing = 0;
			shellPath = /bin/sh;
			shellScript = "\"${SRCROOT}/Pods/Target Support Files/Pods-JJVideoManager/Pods-JJVideoManager-resources.sh\"\n";
			showEnvVarsInLog = 0;
		};
		82E08797890A2C923A7B0407 /* [CP] Check Pods Manifest.lock */ = {
			isa = PBXShellScriptBuildPhase;
			buildActionMask = 2147483647;
			files = (
			);
			inputFileListPaths = (
			);
			inputPaths = (
				"${PODS_PODFILE_DIR_PATH}/Podfile.lock",
				"${PODS_ROOT}/Manifest.lock",
			);
			name = "[CP] Check Pods Manifest.lock";
			outputFileListPaths = (
			);
			outputPaths = (
				"$(DERIVED_FILE_DIR)/Pods-JJVideoManager-checkManifestLockResult.txt",
			);
			runOnlyForDeploymentPostprocessing = 0;
			shellPath = /bin/sh;
			shellScript = "diff \"${PODS_PODFILE_DIR_PATH}/Podfile.lock\" \"${PODS_ROOT}/Manifest.lock\" > /dev/null\nif [ $? != 0 ] ; then\n    # print error to STDERR\n    echo \"error: The sandbox is not in sync with the Podfile.lock. Run 'pod install' or update your CocoaPods installation.\" >&2\n    exit 1\nfi\n# This output is used by Xcode 'outputs' to avoid re-running this script phase.\necho \"SUCCESS\" > \"${SCRIPT_OUTPUT_FILE_0}\"\n";
			showEnvVarsInLog = 0;
		};
/* End PBXShellScriptBuildPhase section */

/* Begin PBXSourcesBuildPhase section */
		9624BCF0224B593B00ED3976 /* Sources */ = {
			isa = PBXSourcesBuildPhase;
			buildActionMask = 2147483647;
			files = (
				9624BCFC224B593B00ED3976 /* ViewController.m in Sources */,
				9624BD07224B593D00ED3976 /* main.m in Sources */,
				9624BD2F224B641C00ED3976 /* JJVideoCompression.m in Sources */,
				9624BCF9224B593B00ED3976 /* AppDelegate.m in Sources */,
				9624BD2C224B5AA800ED3976 /* JJAVAssetExportSession.m in Sources */,
			);
			runOnlyForDeploymentPostprocessing = 0;
		};
		9624BD08224B593D00ED3976 /* Sources */ = {
			isa = PBXSourcesBuildPhase;
			buildActionMask = 2147483647;
			files = (
				9624BD11224B593D00ED3976 /* JJVideoManagerTests.m in Sources */,
			);
			runOnlyForDeploymentPostprocessing = 0;
		};
		9624BD13224B593D00ED3976 /* Sources */ = {
			isa = PBXSourcesBuildPhase;
			buildActionMask = 2147483647;
			files = (
			);
			runOnlyForDeploymentPostprocessing = 0;
		};
/* End PBXSourcesBuildPhase section */

/* Begin PBXTargetDependency section */
		9624BD0E224B593D00ED3976 /* PBXTargetDependency */ = {
			isa = PBXTargetDependency;
			target = 9624BCF3224B593B00ED3976 /* JJVideoManager */;
			targetProxy = 9624BD0D224B593D00ED3976 /* PBXContainerItemProxy */;
		};
		9624BD19224B593D00ED3976 /* PBXTargetDependency */ = {
			isa = PBXTargetDependency;
			target = 9624BCF3224B593B00ED3976 /* JJVideoManager */;
			targetProxy = 9624BD18224B593D00ED3976 /* PBXContainerItemProxy */;
		};
/* End PBXTargetDependency section */

/* Begin PBXVariantGroup section */
		9624BCFD224B593B00ED3976 /* Main.storyboard */ = {
			isa = PBXVariantGroup;
			children = (
				9624BCFE224B593B00ED3976 /* Base */,
			);
			name = Main.storyboard;
			sourceTree = "<group>";
		};
		9624BD02224B593D00ED3976 /* LaunchScreen.storyboard */ = {
			isa = PBXVariantGroup;
			children = (
				9624BD03224B593D00ED3976 /* Base */,
			);
			name = LaunchScreen.storyboard;
			sourceTree = "<group>";
		};
/* End PBXVariantGroup section */

/* Begin XCBuildConfiguration section */
		9624BD1E224B593D00ED3976 /* Debug */ = {
			isa = XCBuildConfiguration;
			buildSettings = {
				ALWAYS_SEARCH_USER_PATHS = NO;
				CLANG_ANALYZER_NONNULL = YES;
				CLANG_ANALYZER_NUMBER_OBJECT_CONVERSION = YES_AGGRESSIVE;
				CLANG_CXX_LANGUAGE_STANDARD = "gnu++14";
				CLANG_CXX_LIBRARY = "libc++";
				CLANG_ENABLE_MODULES = YES;
				CLANG_ENABLE_OBJC_ARC = YES;
				CLANG_ENABLE_OBJC_WEAK = YES;
				CLANG_WARN_BLOCK_CAPTURE_AUTORELEASING = YES;
				CLANG_WARN_BOOL_CONVERSION = YES;
				CLANG_WARN_COMMA = YES;
				CLANG_WARN_CONSTANT_CONVERSION = YES;
				CLANG_WARN_DEPRECATED_OBJC_IMPLEMENTATIONS = YES;
				CLANG_WARN_DIRECT_OBJC_ISA_USAGE = YES_ERROR;
				CLANG_WARN_DOCUMENTATION_COMMENTS = YES;
				CLANG_WARN_EMPTY_BODY = YES;
				CLANG_WARN_ENUM_CONVERSION = YES;
				CLANG_WARN_INFINITE_RECURSION = YES;
				CLANG_WARN_INT_CONVERSION = YES;
				CLANG_WARN_NON_LITERAL_NULL_CONVERSION = YES;
				CLANG_WARN_OBJC_IMPLICIT_RETAIN_SELF = YES;
				CLANG_WARN_OBJC_LITERAL_CONVERSION = YES;
				CLANG_WARN_OBJC_ROOT_CLASS = YES_ERROR;
				CLANG_WARN_RANGE_LOOP_ANALYSIS = YES;
				CLANG_WARN_STRICT_PROTOTYPES = YES;
				CLANG_WARN_SUSPICIOUS_MOVE = YES;
				CLANG_WARN_UNGUARDED_AVAILABILITY = YES_AGGRESSIVE;
				CLANG_WARN_UNREACHABLE_CODE = YES;
				CLANG_WARN__DUPLICATE_METHOD_MATCH = YES;
				CODE_SIGN_IDENTITY = "iPhone Developer";
				COPY_PHASE_STRIP = NO;
				DEBUG_INFORMATION_FORMAT = dwarf;
				ENABLE_STRICT_OBJC_MSGSEND = YES;
				ENABLE_TESTABILITY = YES;
				GCC_C_LANGUAGE_STANDARD = gnu11;
				GCC_DYNAMIC_NO_PIC = NO;
				GCC_NO_COMMON_BLOCKS = YES;
				GCC_OPTIMIZATION_LEVEL = 0;
				GCC_PREPROCESSOR_DEFINITIONS = (
					"DEBUG=1",
					"$(inherited)",
				);
				GCC_WARN_64_TO_32_BIT_CONVERSION = YES;
				GCC_WARN_ABOUT_RETURN_TYPE = YES_ERROR;
				GCC_WARN_UNDECLARED_SELECTOR = YES;
				GCC_WARN_UNINITIALIZED_AUTOS = YES_AGGRESSIVE;
				GCC_WARN_UNUSED_FUNCTION = YES;
				GCC_WARN_UNUSED_VARIABLE = YES;
				IPHONEOS_DEPLOYMENT_TARGET = 12.1;
				MTL_ENABLE_DEBUG_INFO = INCLUDE_SOURCE;
				MTL_FAST_MATH = YES;
				ONLY_ACTIVE_ARCH = YES;
				SDKROOT = iphoneos;
			};
			name = Debug;
		};
		9624BD1F224B593D00ED3976 /* Release */ = {
			isa = XCBuildConfiguration;
			buildSettings = {
				ALWAYS_SEARCH_USER_PATHS = NO;
				CLANG_ANALYZER_NONNULL = YES;
				CLANG_ANALYZER_NUMBER_OBJECT_CONVERSION = YES_AGGRESSIVE;
				CLANG_CXX_LANGUAGE_STANDARD = "gnu++14";
				CLANG_CXX_LIBRARY = "libc++";
				CLANG_ENABLE_MODULES = YES;
				CLANG_ENABLE_OBJC_ARC = YES;
				CLANG_ENABLE_OBJC_WEAK = YES;
				CLANG_WARN_BLOCK_CAPTURE_AUTORELEASING = YES;
				CLANG_WARN_BOOL_CONVERSION = YES;
				CLANG_WARN_COMMA = YES;
				CLANG_WARN_CONSTANT_CONVERSION = YES;
				CLANG_WARN_DEPRECATED_OBJC_IMPLEMENTATIONS = YES;
				CLANG_WARN_DIRECT_OBJC_ISA_USAGE = YES_ERROR;
				CLANG_WARN_DOCUMENTATION_COMMENTS = YES;
				CLANG_WARN_EMPTY_BODY = YES;
				CLANG_WARN_ENUM_CONVERSION = YES;
				CLANG_WARN_INFINITE_RECURSION = YES;
				CLANG_WARN_INT_CONVERSION = YES;
				CLANG_WARN_NON_LITERAL_NULL_CONVERSION = YES;
				CLANG_WARN_OBJC_IMPLICIT_RETAIN_SELF = YES;
				CLANG_WARN_OBJC_LITERAL_CONVERSION = YES;
				CLANG_WARN_OBJC_ROOT_CLASS = YES_ERROR;
				CLANG_WARN_RANGE_LOOP_ANALYSIS = YES;
				CLANG_WARN_STRICT_PROTOTYPES = YES;
				CLANG_WARN_SUSPICIOUS_MOVE = YES;
				CLANG_WARN_UNGUARDED_AVAILABILITY = YES_AGGRESSIVE;
				CLANG_WARN_UNREACHABLE_CODE = YES;
				CLANG_WARN__DUPLICATE_METHOD_MATCH = YES;
				CODE_SIGN_IDENTITY = "iPhone Developer";
				COPY_PHASE_STRIP = NO;
				DEBUG_INFORMATION_FORMAT = "dwarf-with-dsym";
				ENABLE_NS_ASSERTIONS = NO;
				ENABLE_STRICT_OBJC_MSGSEND = YES;
				GCC_C_LANGUAGE_STANDARD = gnu11;
				GCC_NO_COMMON_BLOCKS = YES;
				GCC_WARN_64_TO_32_BIT_CONVERSION = YES;
				GCC_WARN_ABOUT_RETURN_TYPE = YES_ERROR;
				GCC_WARN_UNDECLARED_SELECTOR = YES;
				GCC_WARN_UNINITIALIZED_AUTOS = YES_AGGRESSIVE;
				GCC_WARN_UNUSED_FUNCTION = YES;
				GCC_WARN_UNUSED_VARIABLE = YES;
				IPHONEOS_DEPLOYMENT_TARGET = 12.1;
				MTL_ENABLE_DEBUG_INFO = NO;
				MTL_FAST_MATH = YES;
				SDKROOT = iphoneos;
				VALIDATE_PRODUCT = YES;
			};
			name = Release;
		};
		9624BD21224B593D00ED3976 /* Debug */ = {
			isa = XCBuildConfiguration;
			baseConfigurationReference = ADB554B6F03A9C8516A106E6 /* Pods-JJVideoManager.debug.xcconfig */;
			buildSettings = {
				ASSETCATALOG_COMPILER_APPICON_NAME = AppIcon;
				CODE_SIGN_STYLE = Automatic;
				DEVELOPMENT_TEAM = SF8UV85KVW;
				INFOPLIST_FILE = JJVideoManager/Info.plist;
				IPHONEOS_DEPLOYMENT_TARGET = 9.0;
				LD_RUNPATH_SEARCH_PATHS = (
					"$(inherited)",
					"@executable_path/Frameworks",
				);
				PRODUCT_BUNDLE_IDENTIFIER = com.znht.znht1;
				PRODUCT_NAME = "$(TARGET_NAME)";
				TARGETED_DEVICE_FAMILY = "1,2";
			};
			name = Debug;
		};
		9624BD22224B593D00ED3976 /* Release */ = {
			isa = XCBuildConfiguration;
			baseConfigurationReference = 4C145B4CB1416182A2F03398 /* Pods-JJVideoManager.release.xcconfig */;
			buildSettings = {
				ASSETCATALOG_COMPILER_APPICON_NAME = AppIcon;
				CODE_SIGN_STYLE = Automatic;
				DEVELOPMENT_TEAM = SF8UV85KVW;
				INFOPLIST_FILE = JJVideoManager/Info.plist;
				IPHONEOS_DEPLOYMENT_TARGET = 9.0;
				LD_RUNPATH_SEARCH_PATHS = (
					"$(inherited)",
					"@executable_path/Frameworks",
				);
				PRODUCT_BUNDLE_IDENTIFIER = com.znht.znht1;
				PRODUCT_NAME = "$(TARGET_NAME)";
				TARGETED_DEVICE_FAMILY = "1,2";
			};
			name = Release;
		};
		9624BD24224B593D00ED3976 /* Debug */ = {
			isa = XCBuildConfiguration;
			buildSettings = {
				BUNDLE_LOADER = "$(TEST_HOST)";
				CODE_SIGN_STYLE = Automatic;
				INFOPLIST_FILE = JJVideoManagerTests/Info.plist;
				LD_RUNPATH_SEARCH_PATHS = (
					"$(inherited)",
					"@executable_path/Frameworks",
					"@loader_path/Frameworks",
				);
				PRODUCT_BUNDLE_IDENTIFIER = com.znht.JJVideoManagerTests;
				PRODUCT_NAME = "$(TARGET_NAME)";
				TARGETED_DEVICE_FAMILY = "1,2";
				TEST_HOST = "$(BUILT_PRODUCTS_DIR)/JJVideoManager.app/JJVideoManager";
			};
			name = Debug;
		};
		9624BD25224B593D00ED3976 /* Release */ = {
			isa = XCBuildConfiguration;
			buildSettings = {
				BUNDLE_LOADER = "$(TEST_HOST)";
				CODE_SIGN_STYLE = Automatic;
				INFOPLIST_FILE = JJVideoManagerTests/Info.plist;
				LD_RUNPATH_SEARCH_PATHS = (
					"$(inherited)",
					"@executable_path/Frameworks",
					"@loader_path/Frameworks",
				);
				PRODUCT_BUNDLE_IDENTIFIER = com.znht.JJVideoManagerTests;
				PRODUCT_NAME = "$(TARGET_NAME)";
				TARGETED_DEVICE_FAMILY = "1,2";
				TEST_HOST = "$(BUILT_PRODUCTS_DIR)/JJVideoManager.app/JJVideoManager";
			};
			name = Release;
		};
		9624BD27224B593D00ED3976 /* Debug */ = {
			isa = XCBuildConfiguration;
			buildSettings = {
				CODE_SIGN_STYLE = Automatic;
				INFOPLIST_FILE = JJVideoManagerUITests/Info.plist;
				LD_RUNPATH_SEARCH_PATHS = (
					"$(inherited)",
					"@executable_path/Frameworks",
					"@loader_path/Frameworks",
				);
				PRODUCT_BUNDLE_IDENTIFIER = com.znht.JJVideoManagerUITests;
				PRODUCT_NAME = "$(TARGET_NAME)";
				TARGETED_DEVICE_FAMILY = "1,2";
				TEST_TARGET_NAME = JJVideoManager;
			};
			name = Debug;
		};
		9624BD28224B593D00ED3976 /* Release */ = {
			isa = XCBuildConfiguration;
			buildSettings = {
				CODE_SIGN_STYLE = Automatic;
				INFOPLIST_FILE = JJVideoManagerUITests/Info.plist;
				LD_RUNPATH_SEARCH_PATHS = (
					"$(inherited)",
					"@executable_path/Frameworks",
					"@loader_path/Frameworks",
				);
				PRODUCT_BUNDLE_IDENTIFIER = com.znht.JJVideoManagerUITests;
				PRODUCT_NAME = "$(TARGET_NAME)";
				TARGETED_DEVICE_FAMILY = "1,2";
				TEST_TARGET_NAME = JJVideoManager;
			};
			name = Release;
		};
/* End XCBuildConfiguration section */

/* Begin XCConfigurationList section */
		9624BCEF224B593B00ED3976 /* Build configuration list for PBXProject "JJVideoManager" */ = {
			isa = XCConfigurationList;
			buildConfigurations = (
				9624BD1E224B593D00ED3976 /* Debug */,
				9624BD1F224B593D00ED3976 /* Release */,
			);
			defaultConfigurationIsVisible = 0;
			defaultConfigurationName = Release;
		};
		9624BD20224B593D00ED3976 /* Build configuration list for PBXNativeTarget "JJVideoManager" */ = {
			isa = XCConfigurationList;
			buildConfigurations = (
				9624BD21224B593D00ED3976 /* Debug */,
				9624BD22224B593D00ED3976 /* Release */,
			);
			defaultConfigurationIsVisible = 0;
			defaultConfigurationName = Release;
		};
		9624BD23224B593D00ED3976 /* Build configuration list for PBXNativeTarget "JJVideoManagerTests" */ = {
			isa = XCConfigurationList;
			buildConfigurations = (
				9624BD24224B593D00ED3976 /* Debug */,
				9624BD25224B593D00ED3976 /* Release */,
			);
			defaultConfigurationIsVisible = 0;
			defaultConfigurationName = Release;
		};
		9624BD26224B593D00ED3976 /* Build configuration list for PBXNativeTarget "JJVideoManagerUITests" */ = {
			isa = XCConfigurationList;
			buildConfigurations = (
				9624BD27224B593D00ED3976 /* Debug */,
				9624BD28224B593D00ED3976 /* Release */,
			);
			defaultConfigurationIsVisible = 0;
			defaultConfigurationName = Release;
		};
/* End XCConfigurationList section */
	};
	rootObject = 9624BCEC224B593B00ED3976 /* Project object */;
}
